dependencies:
  chill-sam/ssd1306:
    component_hash: 9e3a8752dac9600f2044b64b0ad69c19e957e98248773037fbf008bb837f07d0
    dependencies:
    - name: idf
      require: private
      version: '>=5.3'
    source:
      registry_url: https://components.espressif.com/
      type: service
    targets:
    - esp32
    - esp32s2
    - esp32s3
    - esp32c3
    version: 1.1.1
  idf:
    source:
      type: idf
    version: 6.1.0
direct_dependencies:
- chill-sam/ssd1306
manifest_hash: bbf152ad047d8ae8f473c4df1905a68e2583b770b281cc57dbf2f4432cf4aad2
target: esp32
version: 3.0.0
